// !$*UTF8*$!
{
	archiveVersion = 1;
	classes = {
	};
	objectVersion = 46;
	objects = {

/* Begin PBXBuildFile section */
		110FE3521E7BF6A2007A2A3C /* FLAudioServices.m in Sources */ = {isa = PBXBuildFile; fileRef = 110FE3511E7BF6A2007A2A3C /* FLAudioServices.m */; };
		111ECC461E383C3D0001A2B6 /* MP3Sample.mp3 in Resources */ = {isa = PBXBuildFile; fileRef = 111ECC451E383C3D0001A2B6 /* MP3Sample.mp3 */; };
		115151061E27158F000DC167 /* main.m in Sources */ = {isa = PBXBuildFile; fileRef = 115151051E27158F000DC167 /* main.m */; };
		115151091E27158F000DC167 /* AppDelegate.m in Sources */ = {isa = PBXBuildFile; fileRef = 115151081E27158F000DC167 /* AppDelegate.m */; };
		1151510C1E27158F000DC167 /* ViewController.m in Sources */ = {isa = PBXBuildFile; fileRef = 1151510B1E27158F000DC167 /* ViewController.m */; };
		1151510F1E27158F000DC167 /* Main.storyboard in Resources */ = {isa = PBXBuildFile; fileRef = 1151510D1E27158F000DC167 /* Main.storyboard */; };
		115151111E27158F000DC167 /* Assets.xcassets in Resources */ = {isa = PBXBuildFile; fileRef = 115151101E27158F000DC167 /* Assets.xcassets */; };
		115151141E27158F000DC167 /* LaunchScreen.storyboard in Resources */ = {isa = PBXBuildFile; fileRef = 115151121E27158F000DC167 /* LaunchScreen.storyboard */; };
		B678BA3C1E8CB6C400D925F2 /* FLSlider.m in Sources */ = {isa = PBXBuildFile; fileRef = B678BA3B1E8CB6C400D925F2 /* FLSlider.m */; };
/* End PBXBuildFile section */

/* Begin PBXFileReference section */
		110FE3501E7BF6A2007A2A3C /* FLAudioServices.h */ = {isa = PBXFileReference; fileEncoding = 4; lastKnownFileType = sourcecode.c.h; path = FLAudioServices.h; sourceTree = "<group>"; };
		110FE3511E7BF6A2007A2A3C /* FLAudioServices.m */ = {isa = PBXFileReference; fileEncoding = 4; lastKnownFileType = sourcecode.c.objc; path = FLAudioServices.m; sourceTree = "<group>"; };
		111ECC451E383C3D0001A2B6 /* MP3Sample.mp3 */ = {isa = PBXFileReference; lastKnownFileType = audio.mp3; path = MP3Sample.mp3; sourceTree = "<group>"; };
		115151011E27158F000DC167 /* FLAudioDemo.app */ = {isa = PBXFileReference; explicitFileType = wrapper.application; includeInIndex = 0; path = FLAudioDemo.app; sourceTree = BUILT_PRODUCTS_DIR; };
		115151051E27158F000DC167 /* main.m */ = {isa = PBXFileReference; lastKnownFileType = sourcecode.c.objc; path = main.m; sourceTree = "<group>"; };
		115151071E27158F000DC167 /* AppDelegate.h */ = {isa = PBXFileReference; lastKnownFileType = sourcecode.c.h; path = AppDelegate.h; sourceTree = "<group>"; };
		115151081E27158F000DC167 /* AppDelegate.m */ = {isa = PBXFileReference; lastKnownFileType = sourcecode.c.objc; path = AppDelegate.m; sourceTree = "<group>"; };
		1151510A1E27158F000DC167 /* ViewController.h */ = {isa = PBXFileReference; lastKnownFileType = sourcecode.c.h; path = ViewController.h; sourceTree = "<group>"; };
		1151510B1E27158F000DC167 /* ViewController.m */ = {isa = PBXFileReference; lastKnownFileType = sourcecode.c.objc; path = ViewController.m; sourceTree = "<group>"; };
		1151510E1E27158F000DC167 /* Base */ = {isa = PBXFileReference; lastKnownFileType = file.storyboard; name = Base; path = Base.lproj/Main.storyboard; sourceTree = "<group>"; };
		115151101E27158F000DC167 /* Assets.xcassets */ = {isa = PBXFileReference; lastKnownFileType = folder.assetcatalog; path = Assets.xcassets; sourceTree = "<group>"; };
		115151131E27158F000DC167 /* Base */ = {isa = PBXFileReference; lastKnownFileType = file.storyboard; name = Base; path = Base.lproj/LaunchScreen.storyboard; sourceTree = "<group>"; };
		115151151E27158F000DC167 /* Info.plist */ = {isa = PBXFileReference; lastKnownFileType = text.plist.xml; path = Info.plist; sourceTree = "<group>"; };
		B678BA3A1E8CB6C400D925F2 /* FLSlider.h */ = {isa = PBXFileReference; fileEncoding = 4; lastKnownFileType = sourcecode.c.h; path = FLSlider.h; sourceTree = "<group>"; };
		B678BA3B1E8CB6C400D925F2 /* FLSlider.m */ = {isa = PBXFileReference; fileEncoding = 4; lastKnownFileType = sourcecode.c.objc; path = FLSlider.m; sourceTree = "<group>"; };
/* End PBXFileReference section */

/* Begin PBXFrameworksBuildPhase section */
		115150FE1E27158F000DC167 /* Frameworks */ = {
			isa = PBXFrameworksBuildPhase;
			buildActionMask = 2147483647;
			files = (
			);
			runOnlyForDeploymentPostprocessing = 0;
		};
/* End PBXFrameworksBuildPhase section */

/* Begin PBXGroup section */
		115150F81E27158F000DC167 = {
			isa = PBXGroup;
			children = (
				115151031E27158F000DC167 /* FLAudioDemo */,
				115151021E27158F000DC167 /* Products */,
			);
			sourceTree = "<group>";
		};
		115151021E27158F000DC167 /* Products */ = {
			isa = PBXGroup;
			children = (
				115151011E27158F000DC167 /* FLAudioDemo.app */,
			);
			name = Products;
			sourceTree = "<group>";
		};
		115151031E27158F000DC167 /* FLAudioDemo */ = {
			isa = PBXGroup;
			children = (
				B6AF993D1E9B28C500107521 /* FLAudioServices */,
				B678BA391E8CB6C400D925F2 /* FLSlider */,
				115151071E27158F000DC167 /* AppDelegate.h */,
				115151081E27158F000DC167 /* AppDelegate.m */,
				1151510A1E27158F000DC167 /* ViewController.h */,
				1151510B1E27158F000DC167 /* ViewController.m */,
				1151510D1E27158F000DC167 /* Main.storyboard */,
				115151101E27158F000DC167 /* Assets.xcassets */,
				115151121E27158F000DC167 /* LaunchScreen.storyboard */,
				115151151E27158F000DC167 /* Info.plist */,
				115151041E27158F000DC167 /* Supporting Files */,
			);
			path = FLAudioDemo;
			sourceTree = "<group>";
		};
		115151041E27158F000DC167 /* Supporting Files */ = {
			isa = PBXGroup;
			children = (
				111ECC451E383C3D0001A2B6 /* MP3Sample.mp3 */,
				115151051E27158F000DC167 /* main.m */,
			);
			name = "Supporting Files";
			sourceTree = "<group>";
		};
		B678BA391E8CB6C400D925F2 /* FLSlider */ = {
			isa = PBXGroup;
			children = (
				B678BA3A1E8CB6C400D925F2 /* FLSlider.h */,
				B678BA3B1E8CB6C400D925F2 /* FLSlider.m */,
			);
			path = FLSlider;
			sourceTree = "<group>";
		};
		B6AF993D1E9B28C500107521 /* FLAudioServices */ = {
			isa = PBXGroup;
			children = (
				110FE3501E7BF6A2007A2A3C /* FLAudioServices.h */,
				110FE3511E7BF6A2007A2A3C /* FLAudioServices.m */,
			);
			name = FLAudioServices;
			sourceTree = "<group>";
		};
/* End PBXGroup section */

/* Begin PBXNativeTarget section */
		115151001E27158F000DC167 /* FLAudioDemo */ = {
			isa = PBXNativeTarget;
			buildConfigurationList = 115151181E27158F000DC167 /* Build configuration list for PBXNativeTarget "FLAudioDemo" */;
			buildPhases = (
				115150FD1E27158F000DC167 /* Sources */,
				115150FE1E27158F000DC167 /* Frameworks */,
				115150FF1E27158F000DC167 /* Resources */,
			);
			buildRules = (
			);
			dependencies = (
			);
			name = FLAudioDemo;
			productName = FLAudioDemo;
			productReference = 115151011E27158F000DC167 /* FLAudioDemo.app */;
			productType = "com.apple.product-type.application";
		};
/* End PBXNativeTarget section */

/* Begin PBXProject section */
		115150F91E27158F000DC167 /* Project object */ = {
			isa = PBXProject;
			attributes = {
				LastUpgradeCheck = 0810;
				ORGANIZATIONNAME = gitKong;
				TargetAttributes = {
					115151001E27158F000DC167 = {
						CreatedOnToolsVersion = 8.1;
						DevelopmentTeam = N9D9Y52FAG;
						ProvisioningStyle = Automatic;
					};
				};
			};
			buildConfigurationList = 115150FC1E27158F000DC167 /* Build configuration list for PBXProject "FLAudioDemo" */;
			compatibilityVersion = "Xcode 3.2";
			developmentRegion = English;
			hasScannedForEncodings = 0;
			knownRegions = (
				en,
				Base,
			);
			mainGroup = 115150F81E27158F000DC167;
			productRefGroup = 115151021E27158F000DC167 /* Products */;
			projectDirPath = "";
			projectRoot = "";
			targets = (
				115151001E27158F000DC167 /* FLAudioDemo */,
			);
		};
/* End PBXProject section */

/* Begin PBXResourcesBuildPhase section */
		115150FF1E27158F000DC167 /* Resources */ = {
			isa = PBXResourcesBuildPhase;
			buildActionMask = 2147483647;
			files = (
				115151141E27158F000DC167 /* LaunchScreen.storyboard in Resources */,
				111ECC461E383C3D0001A2B6 /* MP3Sample.mp3 in Resources */,
				115151111E27158F000DC167 /* Assets.xcassets in Resources */,
				1151510F1E27158F000DC167 /* Main.storyboard in Resources */,
			);
			runOnlyForDeploymentPostprocessing = 0;
		};
/* End PBXResourcesBuildPhase section */

/* Begin PBXSourcesBuildPhase section */
		115150FD1E27158F000DC167 /* Sources */ = {
			isa = PBXSourcesBuildPhase;
			buildActionMask = 2147483647;
			files = (
				1151510C1E27158F000DC167 /* ViewController.m in Sources */,
				115151091E27158F000DC167 /* AppDelegate.m in Sources */,
				B678BA3C1E8CB6C400D925F2 /* FLSlider.m in Sources */,
				110FE3521E7BF6A2007A2A3C /* FLAudioServices.m in Sources */,
				115151061E27158F000DC167 /* main.m in Sources */,
			);
			runOnlyForDeploymentPostprocessing = 0;
		};
/* End PBXSourcesBuildPhase section */

/* Begin PBXVariantGroup section */
		1151510D1E27158F000DC167 /* Main.storyboard */ = {
			isa = PBXVariantGroup;
			children = (
				1151510E1E27158F000DC167 /* Base */,
			);
			name = Main.storyboard;
			sourceTree = "<group>";
		};
		115151121E27158F000DC167 /* LaunchScreen.storyboard */ = {
			isa = PBXVariantGroup;
			children = (
				115151131E27158F000DC167 /* Base */,
			);
			name = LaunchScreen.storyboard;
			sourceTree = "<group>";
		};
/* End PBXVariantGroup section */

/* Begin XCBuildConfiguration section */
		115151161E27158F000DC167 /* Debug */ = {
			isa = XCBuildConfiguration;
			buildSettings = {
				ALWAYS_SEARCH_USER_PATHS = NO;
				CLANG_ANALYZER_NONNULL = YES;
				CLANG_CXX_LANGUAGE_STANDARD = "gnu++0x";
				CLANG_CXX_LIBRARY = "libc++";
				CLANG_ENABLE_MODULES = YES;
				CLANG_ENABLE_OBJC_ARC = YES;
				CLANG_WARN_BOOL_CONVERSION = YES;
				CLANG_WARN_CONSTANT_CONVERSION = YES;
				CLANG_WARN_DIRECT_OBJC_ISA_USAGE = YES_ERROR;
				CLANG_WARN_DOCUMENTATION_COMMENTS = YES;
				CLANG_WARN_EMPTY_BODY = YES;
				CLANG_WARN_ENUM_CONVERSION = YES;
				CLANG_WARN_INFINITE_RECURSION = YES;
				CLANG_WARN_INT_CONVERSION = YES;
				CLANG_WARN_OBJC_ROOT_CLASS = YES_ERROR;
				CLANG_WARN_SUSPICIOUS_MOVES = YES;
				CLANG_WARN_UNREACHABLE_CODE = YES;
				CLANG_WARN__DUPLICATE_METHOD_MATCH = YES;
				"CODE_SIGN_IDENTITY[sdk=iphoneos*]" = "iPhone Developer";
				COPY_PHASE_STRIP = NO;
				DEBUG_INFORMATION_FORMAT = dwarf;
				ENABLE_STRICT_OBJC_MSGSEND = YES;
				ENABLE_TESTABILITY = YES;
				GCC_C_LANGUAGE_STANDARD = gnu99;
				GCC_DYNAMIC_NO_PIC = NO;
				GCC_NO_COMMON_BLOCKS = YES;
				GCC_OPTIMIZATION_LEVEL = 0;
				GCC_PREPROCESSOR_DEFINITIONS = (
					"DEBUG=1",
					"$(inherited)",
				);
				GCC_WARN_64_TO_32_BIT_CONVERSION = YES;
				GCC_WARN_ABOUT_RETURN_TYPE = YES_ERROR;
				GCC_WARN_UNDECLARED_SELECTOR = YES;
				GCC_WARN_UNINITIALIZED_AUTOS = YES_AGGRESSIVE;
				GCC_WARN_UNUSED_FUNCTION = YES;
				GCC_WARN_UNUSED_VARIABLE = YES;
				IPHONEOS_DEPLOYMENT_TARGET = 8.0;
				MTL_ENABLE_DEBUG_INFO = YES;
				ONLY_ACTIVE_ARCH = YES;
				SDKROOT = iphoneos;
			};
			name = Debug;
		};
		115151171E27158F000DC167 /* Release */ = {
			isa = XCBuildConfiguration;
			buildSettings = {
				ALWAYS_SEARCH_USER_PATHS = NO;
				CLANG_ANALYZER_NONNULL = YES;
				CLANG_CXX_LANGUAGE_STANDARD = "gnu++0x";
				CLANG_CXX_LIBRARY = "libc++";
				CLANG_ENABLE_MODULES = YES;
				CLANG_ENABLE_OBJC_ARC = YES;
				CLANG_WARN_BOOL_CONVERSION = YES;
				CLANG_WARN_CONSTANT_CONVERSION = YES;
				CLANG_WARN_DIRECT_OBJC_ISA_USAGE = YES_ERROR;
				CLANG_WARN_DOCUMENTATION_COMMENTS = YES;
				CLANG_WARN_EMPTY_BODY = YES;
				CLANG_WARN_ENUM_CONVERSION = YES;
				CLANG_WARN_INFINITE_RECURSION = YES;
				CLANG_WARN_INT_CONVERSION = YES;
				CLANG_WARN_OBJC_ROOT_CLASS = YES_ERROR;
				CLANG_WARN_SUSPICIOUS_MOVES = YES;
				CLANG_WARN_UNREACHABLE_CODE = YES;
				CLANG_WARN__DUPLICATE_METHOD_MATCH = YES;
				"CODE_SIGN_IDENTITY[sdk=iphoneos*]" = "iPhone Developer";
				COPY_PHASE_STRIP = NO;
				DEBUG_INFORMATION_FORMAT = "dwarf-with-dsym";
				ENABLE_NS_ASSERTIONS = NO;
				ENABLE_STRICT_OBJC_MSGSEND = YES;
				GCC_C_LANGUAGE_STANDARD = gnu99;
				GCC_NO_COMMON_BLOCKS = YES;
				GCC_WARN_64_TO_32_BIT_CONVERSION = YES;
				GCC_WARN_ABOUT_RETURN_TYPE = YES_ERROR;
				GCC_WARN_UNDECLARED_SELECTOR = YES;
				GCC_WARN_UNINITIALIZED_AUTOS = YES_AGGRESSIVE;
				GCC_WARN_UNUSED_FUNCTION = YES;
				GCC_WARN_UNUSED_VARIABLE = YES;
				IPHONEOS_DEPLOYMENT_TARGET = 8.0;
				MTL_ENABLE_DEBUG_INFO = NO;
				SDKROOT = iphoneos;
				VALIDATE_PRODUCT = YES;
			};
			name = Release;
		};
		115151191E27158F000DC167 /* Debug */ = {
			isa = XCBuildConfiguration;
			buildSettings = {
				ASSETCATALOG_COMPILER_APPICON_NAME = AppIcon;
				DEVELOPMENT_TEAM = N9D9Y52FAG;
				INFOPLIST_FILE = FLAudioDemo/Info.plist;
				IPHONEOS_DEPLOYMENT_TARGET = 8.0;
				LD_RUNPATH_SEARCH_PATHS = "$(inherited) @executable_path/Frameworks";
				PRODUCT_BUNDLE_IDENTIFIER = gitKong.FLAudioDemo;
				PRODUCT_NAME = "$(TARGET_NAME)";
			};
			name = Debug;
		};
		1151511A1E27158F000DC167 /* Release */ = {
			isa = XCBuildConfiguration;
			buildSettings = {
				ASSETCATALOG_COMPILER_APPICON_NAME = AppIcon;
				DEVELOPMENT_TEAM = N9D9Y52FAG;
				INFOPLIST_FILE = FLAudioDemo/Info.plist;
				IPHONEOS_DEPLOYMENT_TARGET = 8.0;
				LD_RUNPATH_SEARCH_PATHS = "$(inherited) @executable_path/Frameworks";
				PRODUCT_BUNDLE_IDENTIFIER = gitKong.FLAudioDemo;
				PRODUCT_NAME = "$(TARGET_NAME)";
			};
			name = Release;
		};
/* End XCBuildConfiguration section */

/* Begin XCConfigurationList section */
		115150FC1E27158F000DC167 /* Build configuration list for PBXProject "FLAudioDemo" */ = {
			isa = XCConfigurationList;
			buildConfigurations = (
				115151161E27158F000DC167 /* Debug */,
				115151171E27158F000DC167 /* Release */,
			);
			defaultConfigurationIsVisible = 0;
			defaultConfigurationName = Release;
		};
		115151181E27158F000DC167 /* Build configuration list for PBXNativeTarget "FLAudioDemo" */ = {
			isa = XCConfigurationList;
			buildConfigurations = (
				115151191E27158F000DC167 /* Debug */,
				1151511A1E27158F000DC167 /* Release */,
			);
			defaultConfigurationIsVisible = 0;
			defaultConfigurationName = Release;
		};
/* End XCConfigurationList section */
	};
	rootObject = 115150F91E27158F000DC167 /* Project object */;
}
